
Microsoft Visual Studio Solution File, Format Version 12.00
# Visual Studio 15
VisualStudioVersion = 15.0.28010.2041
MinimumVisualStudioVersion = 10.0.40219.1
Project("{8BC9CEB8-8B4A-11D0-8D11-00A0C91BC942}") = "PAT1034", "PAT1034\PAT1034.vcxproj", "{0DB1F477-6A74-43C6-BE5C-D67028F057BC}"
EndProject
Global
	GlobalSection(SolutionConfigurationPlatforms) = preSolution
		Debug|x64 = Debug|x64
		Debug|x86 = Debug|x86
		Release|x64 = Release|x64
		Release|x86 = Release|x86
	EndGlobalSection
	GlobalSection(ProjectConfigurationPlatforms) = postSolution
		{0DB1F477-6A74-43C6-BE5C-D67028F057BC}.Debug|x64.ActiveCfg = Debug|x64
		{0DB1F477-6A74-43C6-BE5C-D67028F057BC}.Debug|x64.Build.0 = Debug|x64
		{0DB1F477-6A74-43C6-BE5C-D67028F057BC}.Debug|x86.ActiveCfg = Debug|Win32
		{0DB1F477-6A74-43C6-BE5C-D67028F057BC}.Debug|x86.Build.0 = Debug|Win32
		{0DB1F477-6A74-43C6-BE5C-D67028F057BC}.Release|x64.ActiveCfg = Release|x64
		{0DB1F477-6A74-43C6-BE5C-D67028F057BC}.Release|x64.Build.0 = Release|x64
		{0DB1F477-6A74-43C6-BE5C-D67028F057BC}.Release|x86.ActiveCfg = Release|Win32
		{0DB1F477-6A74-43C6-BE5C-D67028F057BC}.Release|x86.Build.0 = Release|Win32
	EndGlobalSection
	GlobalSection(SolutionProperties) = preSolution
		HideSolutionNode = FALSE
	EndGlobalSection
	GlobalSection(ExtensibilityGlobals) = postSolution
		SolutionGuid = {DE965544-3CB9-424E-A7AA-0666D3272B3F}
	EndGlobalSection
EndGlobal
