
Microsoft Visual Studio Solution File, Format Version 12.00
# Visual Studio 15
VisualStudioVersion = 15.0.28010.2041
MinimumVisualStudioVersion = 10.0.40219.1
Project("{8BC9CEB8-8B4A-11D0-8D11-00A0C91BC942}") = "PAT1049", "PAT1049\PAT1049.vcxproj", "{B2B594A7-4E7D-48A3-8B4F-D1717D9F14E4}"
EndProject
Global
	GlobalSection(SolutionConfigurationPlatforms) = preSolution
		Debug|x64 = Debug|x64
		Debug|x86 = Debug|x86
		Release|x64 = Release|x64
		Release|x86 = Release|x86
	EndGlobalSection
	GlobalSection(ProjectConfigurationPlatforms) = postSolution
		{B2B594A7-4E7D-48A3-8B4F-D1717D9F14E4}.Debug|x64.ActiveCfg = Debug|x64
		{B2B594A7-4E7D-48A3-8B4F-D1717D9F14E4}.Debug|x64.Build.0 = Debug|x64
		{B2B594A7-4E7D-48A3-8B4F-D1717D9F14E4}.Debug|x86.ActiveCfg = Debug|Win32
		{B2B594A7-4E7D-48A3-8B4F-D1717D9F14E4}.Debug|x86.Build.0 = Debug|Win32
		{B2B594A7-4E7D-48A3-8B4F-D1717D9F14E4}.Release|x64.ActiveCfg = Release|x64
		{B2B594A7-4E7D-48A3-8B4F-D1717D9F14E4}.Release|x64.Build.0 = Release|x64
		{B2B594A7-4E7D-48A3-8B4F-D1717D9F14E4}.Release|x86.ActiveCfg = Release|Win32
		{B2B594A7-4E7D-48A3-8B4F-D1717D9F14E4}.Release|x86.Build.0 = Release|Win32
	EndGlobalSection
	GlobalSection(SolutionProperties) = preSolution
		HideSolutionNode = FALSE
	EndGlobalSection
	GlobalSection(ExtensibilityGlobals) = postSolution
		SolutionGuid = {1F5B4986-B508-420C-8188-2B11DC16099D}
	EndGlobalSection
EndGlobal
