
Microsoft Visual Studio Solution File, Format Version 12.00
# Visual Studio 15
VisualStudioVersion = 15.0.28010.2041
MinimumVisualStudioVersion = 10.0.40219.1
Project("{8BC9CEB8-8B4A-11D0-8D11-00A0C91BC942}") = "PAT1062", "PAT1062\PAT1062.vcxproj", "{B9045B13-91C6-4500-844C-41E06D2713F0}"
EndProject
Global
	GlobalSection(SolutionConfigurationPlatforms) = preSolution
		Debug|x64 = Debug|x64
		Debug|x86 = Debug|x86
		Release|x64 = Release|x64
		Release|x86 = Release|x86
	EndGlobalSection
	GlobalSection(ProjectConfigurationPlatforms) = postSolution
		{B9045B13-91C6-4500-844C-41E06D2713F0}.Debug|x64.ActiveCfg = Debug|x64
		{B9045B13-91C6-4500-844C-41E06D2713F0}.Debug|x64.Build.0 = Debug|x64
		{B9045B13-91C6-4500-844C-41E06D2713F0}.Debug|x86.ActiveCfg = Debug|Win32
		{B9045B13-91C6-4500-844C-41E06D2713F0}.Debug|x86.Build.0 = Debug|Win32
		{B9045B13-91C6-4500-844C-41E06D2713F0}.Release|x64.ActiveCfg = Release|x64
		{B9045B13-91C6-4500-844C-41E06D2713F0}.Release|x64.Build.0 = Release|x64
		{B9045B13-91C6-4500-844C-41E06D2713F0}.Release|x86.ActiveCfg = Release|Win32
		{B9045B13-91C6-4500-844C-41E06D2713F0}.Release|x86.Build.0 = Release|Win32
	EndGlobalSection
	GlobalSection(SolutionProperties) = preSolution
		HideSolutionNode = FALSE
	EndGlobalSection
	GlobalSection(ExtensibilityGlobals) = postSolution
		SolutionGuid = {5354F602-835C-49A9-AC5C-8875E26C41B0}
	EndGlobalSection
EndGlobal
